// !$*UTF8*$!
{
	archiveVersion = 1;
	classes = {
	};
	objectVersion = 55;
	objects = {

/* Begin PBXBuildFile section */
		BD4C4507286C9B780013A877 /* FYIViewController.swift in Sources */ = {isa = PBXBuildFile; fileRef = BD4C4506286C9B780013A877 /* FYIViewController.swift */; };
		BDD19A76286B90EF00E6E6C1 /* AppDelegate.swift in Sources */ = {isa = PBXBuildFile; fileRef = BDD19A75286B90EF00E6E6C1 /* AppDelegate.swift */; };
		BDD19A78286B90EF00E6E6C1 /* SceneDelegate.swift in Sources */ = {isa = PBXBuildFile; fileRef = BDD19A77286B90EF00E6E6C1 /* SceneDelegate.swift */; };
		BDD19A7A286B90EF00E6E6C1 /* ViewController.swift in Sources */ = {isa = PBXBuildFile; fileRef = BDD19A79286B90EF00E6E6C1 /* ViewController.swift */; };
		BDD19A7D286B90EF00E6E6C1 /* Main.storyboard in Resources */ = {isa = PBXBuildFile; fileRef = BDD19A7B286B90EF00E6E6C1 /* Main.storyboard */; };
		BDD19A80286B90EF00E6E6C1 /* KALA_kwk_2022.xcdatamodeld in Sources */ = {isa = PBXBuildFile; fileRef = BDD19A7E286B90EF00E6E6C1 /* KALA_kwk_2022.xcdatamodeld */; };
		BDD19A82286B90F000E6E6C1 /* Assets.xcassets in Resources */ = {isa = PBXBuildFile; fileRef = BDD19A81286B90F000E6E6C1 /* Assets.xcassets */; };
		BDD19A85286B90F000E6E6C1 /* LaunchScreen.storyboard in Resources */ = {isa = PBXBuildFile; fileRef = BDD19A83286B90F000E6E6C1 /* LaunchScreen.storyboard */; };
/* End PBXBuildFile section */

/* Begin PBXFileReference section */
		BD4C4506286C9B780013A877 /* FYIViewController.swift */ = {isa = PBXFileReference; lastKnownFileType = sourcecode.swift; path = FYIViewController.swift; sourceTree = "<group>"; };
		BDD19A72286B90EF00E6E6C1 /* KALA kwk 2022.app */ = {isa = PBXFileReference; explicitFileType = wrapper.application; includeInIndex = 0; path = "KALA kwk 2022.app"; sourceTree = BUILT_PRODUCTS_DIR; };
		BDD19A75286B90EF00E6E6C1 /* AppDelegate.swift */ = {isa = PBXFileReference; lastKnownFileType = sourcecode.swift; path = AppDelegate.swift; sourceTree = "<group>"; };
		BDD19A77286B90EF00E6E6C1 /* SceneDelegate.swift */ = {isa = PBXFileReference; lastKnownFileType = sourcecode.swift; path = SceneDelegate.swift; sourceTree = "<group>"; };
		BDD19A79286B90EF00E6E6C1 /* ViewController.swift */ = {isa = PBXFileReference; lastKnownFileType = sourcecode.swift; path = ViewController.swift; sourceTree = "<group>"; };
		BDD19A7C286B90EF00E6E6C1 /* Base */ = {isa = PBXFileReference; lastKnownFileType = file.storyboard; name = Base; path = Base.lproj/Main.storyboard; sourceTree = "<group>"; };
		BDD19A7F286B90EF00E6E6C1 /* KALA_kwk_2022.xcdatamodel */ = {isa = PBXFileReference; lastKnownFileType = wrapper.xcdatamodel; path = KALA_kwk_2022.xcdatamodel; sourceTree = "<group>"; };
		BDD19A81286B90F000E6E6C1 /* Assets.xcassets */ = {isa = PBXFileReference; lastKnownFileType = folder.assetcatalog; path = Assets.xcassets; sourceTree = "<group>"; };
		BDD19A84286B90F000E6E6C1 /* Base */ = {isa = PBXFileReference; lastKnownFileType = file.storyboard; name = Base; path = Base.lproj/LaunchScreen.storyboard; sourceTree = "<group>"; };
		BDD19A86286B90F000E6E6C1 /* Info.plist */ = {isa = PBXFileReference; lastKnownFileType = text.plist.xml; path = Info.plist; sourceTree = "<group>"; };
/* End PBXFileReference section */

/* Begin PBXFrameworksBuildPhase section */
		BDD19A6F286B90EF00E6E6C1 /* Frameworks */ = {
			isa = PBXFrameworksBuildPhase;
			buildActionMask = 2147483647;
			files = (
			);
			runOnlyForDeploymentPostprocessing = 0;
		};
/* End PBXFrameworksBuildPhase section */

/* Begin PBXGroup section */
		BDD19A69286B90EF00E6E6C1 = {
			isa = PBXGroup;
			children = (
				BDD19A74286B90EF00E6E6C1 /* KALA kwk 2022 */,
				BDD19A73286B90EF00E6E6C1 /* Products */,
			);
			sourceTree = "<group>";
		};
		BDD19A73286B90EF00E6E6C1 /* Products */ = {
			isa = PBXGroup;
			children = (
				BDD19A72286B90EF00E6E6C1 /* KALA kwk 2022.app */,
			);
			name = Products;
			sourceTree = "<group>";
		};
		BDD19A74286B90EF00E6E6C1 /* KALA kwk 2022 */ = {
			isa = PBXGroup;
			children = (
				BDD19A75286B90EF00E6E6C1 /* AppDelegate.swift */,
				BDD19A77286B90EF00E6E6C1 /* SceneDelegate.swift */,
				BDD19A79286B90EF00E6E6C1 /* ViewController.swift */,
				BDD19A7B286B90EF00E6E6C1 /* Main.storyboard */,
				BD4C4506286C9B780013A877 /* FYIViewController.swift */,
				BDD19A81286B90F000E6E6C1 /* Assets.xcassets */,
				BDD19A83286B90F000E6E6C1 /* LaunchScreen.storyboard */,
				BDD19A86286B90F000E6E6C1 /* Info.plist */,
				BDD19A7E286B90EF00E6E6C1 /* KALA_kwk_2022.xcdatamodeld */,
			);
			path = "KALA kwk 2022";
			sourceTree = "<group>";
		};
/* End PBXGroup section */

/* Begin PBXNativeTarget section */
		BDD19A71286B90EF00E6E6C1 /* KALA kwk 2022 */ = {
			isa = PBXNativeTarget;
			buildConfigurationList = BDD19A89286B90F000E6E6C1 /* Build configuration list for PBXNativeTarget "KALA kwk 2022" */;
			buildPhases = (
				BDD19A6E286B90EF00E6E6C1 /* Sources */,
				BDD19A6F286B90EF00E6E6C1 /* Frameworks */,
				BDD19A70286B90EF00E6E6C1 /* Resources */,
			);
			buildRules = (
			);
			dependencies = (
			);
			name = "KALA kwk 2022";
			productName = "KALA kwk 2022";
			productReference = BDD19A72286B90EF00E6E6C1 /* KALA kwk 2022.app */;
			productType = "com.apple.product-type.application";
		};
/* End PBXNativeTarget section */

/* Begin PBXProject section */
		BDD19A6A286B90EF00E6E6C1 /* Project object */ = {
			isa = PBXProject;
			attributes = {
				BuildIndependentTargetsInParallel = 1;
				LastSwiftUpdateCheck = 1340;
				LastUpgradeCheck = 1340;
				TargetAttributes = {
					BDD19A71286B90EF00E6E6C1 = {
						CreatedOnToolsVersion = 13.4;
					};
				};
			};
			buildConfigurationList = BDD19A6D286B90EF00E6E6C1 /* Build configuration list for PBXProject "KALA kwk 2022" */;
			compatibilityVersion = "Xcode 13.0";
			developmentRegion = en;
			hasScannedForEncodings = 0;
			knownRegions = (
				en,
				Base,
			);
			mainGroup = BDD19A69286B90EF00E6E6C1;
			productRefGroup = BDD19A73286B90EF00E6E6C1 /* Products */;
			projectDirPath = "";
			projectRoot = "";
			targets = (
				BDD19A71286B90EF00E6E6C1 /* KALA kwk 2022 */,
			);
		};
/* End PBXProject section */

/* Begin PBXResourcesBuildPhase section */
		BDD19A70286B90EF00E6E6C1 /* Resources */ = {
			isa = PBXResourcesBuildPhase;
			buildActionMask = 2147483647;
			files = (
				BDD19A85286B90F000E6E6C1 /* LaunchScreen.storyboard in Resources */,
				BDD19A82286B90F000E6E6C1 /* Assets.xcassets in Resources */,
				BDD19A7D286B90EF00E6E6C1 /* Main.storyboard in Resources */,
			);
			runOnlyForDeploymentPostprocessing = 0;
		};
/* End PBXResourcesBuildPhase section */

/* Begin PBXSourcesBuildPhase section */
		BDD19A6E286B90EF00E6E6C1 /* Sources */ = {
			isa = PBXSourcesBuildPhase;
			buildActionMask = 2147483647;
			files = (
				BDD19A80286B90EF00E6E6C1 /* KALA_kwk_2022.xcdatamodeld in Sources */,
				BDD19A7A286B90EF00E6E6C1 /* ViewController.swift in Sources */,
				BDD19A76286B90EF00E6E6C1 /* AppDelegate.swift in Sources */,
				BD4C4507286C9B780013A877 /* FYIViewController.swift in Sources */,
				BDD19A78286B90EF00E6E6C1 /* SceneDelegate.swift in Sources */,
			);
			runOnlyForDeploymentPostprocessing = 0;
		};
/* End PBXSourcesBuildPhase section */

/* Begin PBXVariantGroup section */
		BDD19A7B286B90EF00E6E6C1 /* Main.storyboard */ = {
			isa = PBXVariantGroup;
			children = (
				BDD19A7C286B90EF00E6E6C1 /* Base */,
			);
			name = Main.storyboard;
			sourceTree = "<group>";
		};
		BDD19A83286B90F000E6E6C1 /* LaunchScreen.storyboard */ = {
			isa = PBXVariantGroup;
			children = (
				BDD19A84286B90F000E6E6C1 /* Base */,
			);
			name = LaunchScreen.storyboard;
			sourceTree = "<group>";
		};
/* End PBXVariantGroup section */

/* Begin XCBuildConfiguration section */
		BDD19A87286B90F000E6E6C1 /* Debug */ = {
			isa = XCBuildConfiguration;
			buildSettings = {
				ALWAYS_SEARCH_USER_PATHS = NO;
				CLANG_ANALYZER_NONNULL = YES;
				CLANG_ANALYZER_NUMBER_OBJECT_CONVERSION = YES_AGGRESSIVE;
				CLANG_CXX_LANGUAGE_STANDARD = "gnu++17";
				CLANG_ENABLE_MODULES = YES;
				CLANG_ENABLE_OBJC_ARC = YES;
				CLANG_ENABLE_OBJC_WEAK = YES;
				CLANG_WARN_BLOCK_CAPTURE_AUTORELEASING = YES;
				CLANG_WARN_BOOL_CONVERSION = YES;
				CLANG_WARN_COMMA = YES;
				CLANG_WARN_CONSTANT_CONVERSION = YES;
				CLANG_WARN_DEPRECATED_OBJC_IMPLEMENTATIONS = YES;
				CLANG_WARN_DIRECT_OBJC_ISA_USAGE = YES_ERROR;
				CLANG_WARN_DOCUMENTATION_COMMENTS = YES;
				CLANG_WARN_EMPTY_BODY = YES;
				CLANG_WARN_ENUM_CONVERSION = YES;
				CLANG_WARN_INFINITE_RECURSION = YES;
				CLANG_WARN_INT_CONVERSION = YES;
				CLANG_WARN_NON_LITERAL_NULL_CONVERSION = YES;
				CLANG_WARN_OBJC_IMPLICIT_RETAIN_SELF = YES;
				CLANG_WARN_OBJC_LITERAL_CONVERSION = YES;
				CLANG_WARN_OBJC_ROOT_CLASS = YES_ERROR;
				CLANG_WARN_QUOTED_INCLUDE_IN_FRAMEWORK_HEADER = YES;
				CLANG_WARN_RANGE_LOOP_ANALYSIS = YES;
				CLANG_WARN_STRICT_PROTOTYPES = YES;
				CLANG_WARN_SUSPICIOUS_MOVE = YES;
				CLANG_WARN_UNGUARDED_AVAILABILITY = YES_AGGRESSIVE;
				CLANG_WARN_UNREACHABLE_CODE = YES;
				CLANG_WARN__DUPLICATE_METHOD_MATCH = YES;
				COPY_PHASE_STRIP = NO;
				DEBUG_INFORMATION_FORMAT = dwarf;
				ENABLE_STRICT_OBJC_MSGSEND = YES;
				ENABLE_TESTABILITY = YES;
				GCC_C_LANGUAGE_STANDARD = gnu11;
				GCC_DYNAMIC_NO_PIC = NO;
				GCC_NO_COMMON_BLOCKS = YES;
				GCC_OPTIMIZATION_LEVEL = 0;
				GCC_PREPROCESSOR_DEFINITIONS = (
					"DEBUG=1",
					"$(inherited)",
				);
				GCC_WARN_64_TO_32_BIT_CONVERSION = YES;
				GCC_WARN_ABOUT_RETURN_TYPE = YES_ERROR;
				GCC_WARN_UNDECLARED_SELECTOR = YES;
				GCC_WARN_UNINITIALIZED_AUTOS = YES_AGGRESSIVE;
				GCC_WARN_UNUSED_FUNCTION = YES;
				GCC_WARN_UNUSED_VARIABLE = YES;
				IPHONEOS_DEPLOYMENT_TARGET = 15.5;
				MTL_ENABLE_DEBUG_INFO = INCLUDE_SOURCE;
				MTL_FAST_MATH = YES;
				ONLY_ACTIVE_ARCH = YES;
				SDKROOT = iphoneos;
				SWIFT_ACTIVE_COMPILATION_CONDITIONS = DEBUG;
				SWIFT_OPTIMIZATION_LEVEL = "-Onone";
			};
			name = Debug;
		};
		BDD19A88286B90F000E6E6C1 /* Release */ = {
			isa = XCBuildConfiguration;
			buildSettings = {
				ALWAYS_SEARCH_USER_PATHS = NO;
				CLANG_ANALYZER_NONNULL = YES;
				CLANG_ANALYZER_NUMBER_OBJECT_CONVERSION = YES_AGGRESSIVE;
				CLANG_CXX_LANGUAGE_STANDARD = "gnu++17";
				CLANG_ENABLE_MODULES = YES;
				CLANG_ENABLE_OBJC_ARC = YES;
				CLANG_ENABLE_OBJC_WEAK = YES;
				CLANG_WARN_BLOCK_CAPTURE_AUTORELEASING = YES;
				CLANG_WARN_BOOL_CONVERSION = YES;
				CLANG_WARN_COMMA = YES;
				CLANG_WARN_CONSTANT_CONVERSION = YES;
				CLANG_WARN_DEPRECATED_OBJC_IMPLEMENTATIONS = YES;
				CLANG_WARN_DIRECT_OBJC_ISA_USAGE = YES_ERROR;
				CLANG_WARN_DOCUMENTATION_COMMENTS = YES;
				CLANG_WARN_EMPTY_BODY = YES;
				CLANG_WARN_ENUM_CONVERSION = YES;
				CLANG_WARN_INFINITE_RECURSION = YES;
				CLANG_WARN_INT_CONVERSION = YES;
				CLANG_WARN_NON_LITERAL_NULL_CONVERSION = YES;
				CLANG_WARN_OBJC_IMPLICIT_RETAIN_SELF = YES;
				CLANG_WARN_OBJC_LITERAL_CONVERSION = YES;
				CLANG_WARN_OBJC_ROOT_CLASS = YES_ERROR;
				CLANG_WARN_QUOTED_INCLUDE_IN_FRAMEWORK_HEADER = YES;
				CLANG_WARN_RANGE_LOOP_ANALYSIS = YES;
				CLANG_WARN_STRICT_PROTOTYPES = YES;
				CLANG_WARN_SUSPICIOUS_MOVE = YES;
				CLANG_WARN_UNGUARDED_AVAILABILITY = YES_AGGRESSIVE;
				CLANG_WARN_UNREACHABLE_CODE = YES;
				CLANG_WARN__DUPLICATE_METHOD_MATCH = YES;
				COPY_PHASE_STRIP = NO;
				DEBUG_INFORMATION_FORMAT = "dwarf-with-dsym";
				ENABLE_NS_ASSERTIONS = NO;
				ENABLE_STRICT_OBJC_MSGSEND = YES;
				GCC_C_LANGUAGE_STANDARD = gnu11;
				GCC_NO_COMMON_BLOCKS = YES;
				GCC_WARN_64_TO_32_BIT_CONVERSION = YES;
				GCC_WARN_ABOUT_RETURN_TYPE = YES_ERROR;
				GCC_WARN_UNDECLARED_SELECTOR = YES;
				GCC_WARN_UNINITIALIZED_AUTOS = YES_AGGRESSIVE;
				GCC_WARN_UNUSED_FUNCTION = YES;
				GCC_WARN_UNUSED_VARIABLE = YES;
				IPHONEOS_DEPLOYMENT_TARGET = 15.5;
				MTL_ENABLE_DEBUG_INFO = NO;
				MTL_FAST_MATH = YES;
				SDKROOT = iphoneos;
				SWIFT_COMPILATION_MODE = wholemodule;
				SWIFT_OPTIMIZATION_LEVEL = "-O";
				VALIDATE_PRODUCT = YES;
			};
			name = Release;
		};
		BDD19A8A286B90F000E6E6C1 /* Debug */ = {
			isa = XCBuildConfiguration;
			buildSettings = {
				ASSETCATALOG_COMPILER_APPICON_NAME = AppIcon;
				ASSETCATALOG_COMPILER_GLOBAL_ACCENT_COLOR_NAME = AccentColor;
				CODE_SIGN_STYLE = Automatic;
				CURRENT_PROJECT_VERSION = 1;
				GENERATE_INFOPLIST_FILE = YES;
				INFOPLIST_FILE = "KALA kwk 2022/Info.plist";
				INFOPLIST_KEY_UIApplicationSupportsIndirectInputEvents = YES;
				INFOPLIST_KEY_UILaunchStoryboardName = LaunchScreen;
				INFOPLIST_KEY_UIMainStoryboardFile = Main;
				INFOPLIST_KEY_UISupportedInterfaceOrientations_iPad = "UIInterfaceOrientationPortrait UIInterfaceOrientationPortraitUpsideDown UIInterfaceOrientationLandscapeLeft UIInterfaceOrientationLandscapeRight";
				INFOPLIST_KEY_UISupportedInterfaceOrientations_iPhone = "UIInterfaceOrientationPortrait UIInterfaceOrientationLandscapeLeft UIInterfaceOrientationLandscapeRight";
				LD_RUNPATH_SEARCH_PATHS = (
					"$(inherited)",
					"@executable_path/Frameworks",
				);
				MARKETING_VERSION = 1.0;
				PRODUCT_BUNDLE_IDENTIFIER = "sample.KALA-kwk-2022";
				PRODUCT_NAME = "$(TARGET_NAME)";
				SWIFT_EMIT_LOC_STRINGS = YES;
				SWIFT_VERSION = 5.0;
				TARGETED_DEVICE_FAMILY = "1,2";
			};
			name = Debug;
		};
		BDD19A8B286B90F000E6E6C1 /* Release */ = {
			isa = XCBuildConfiguration;
			buildSettings = {
				ASSETCATALOG_COMPILER_APPICON_NAME = AppIcon;
				ASSETCATALOG_COMPILER_GLOBAL_ACCENT_COLOR_NAME = AccentColor;
				CODE_SIGN_STYLE = Automatic;
				CURRENT_PROJECT_VERSION = 1;
				GENERATE_INFOPLIST_FILE = YES;
				INFOPLIST_FILE = "KALA kwk 2022/Info.plist";
				INFOPLIST_KEY_UIApplicationSupportsIndirectInputEvents = YES;
				INFOPLIST_KEY_UILaunchStoryboardName = LaunchScreen;
				INFOPLIST_KEY_UIMainStoryboardFile = Main;
				INFOPLIST_KEY_UISupportedInterfaceOrientations_iPad = "UIInterfaceOrientationPortrait UIInterfaceOrientationPortraitUpsideDown UIInterfaceOrientationLandscapeLeft UIInterfaceOrientationLandscapeRight";
				INFOPLIST_KEY_UISupportedInterfaceOrientations_iPhone = "UIInterfaceOrientationPortrait UIInterfaceOrientationLandscapeLeft UIInterfaceOrientationLandscapeRight";
				LD_RUNPATH_SEARCH_PATHS = (
					"$(inherited)",
					"@executable_path/Frameworks",
				);
				MARKETING_VERSION = 1.0;
				PRODUCT_BUNDLE_IDENTIFIER = "sample.KALA-kwk-2022";
				PRODUCT_NAME = "$(TARGET_NAME)";
				SWIFT_EMIT_LOC_STRINGS = YES;
				SWIFT_VERSION = 5.0;
				TARGETED_DEVICE_FAMILY = "1,2";
			};
			name = Release;
		};
/* End XCBuildConfiguration section */

/* Begin XCConfigurationList section */
		BDD19A6D286B90EF00E6E6C1 /* Build configuration list for PBXProject "KALA kwk 2022" */ = {
			isa = XCConfigurationList;
			buildConfigurations = (
				BDD19A87286B90F000E6E6C1 /* Debug */,
				BDD19A88286B90F000E6E6C1 /* Release */,
			);
			defaultConfigurationIsVisible = 0;
			defaultConfigurationName = Release;
		};
		BDD19A89286B90F000E6E6C1 /* Build configuration list for PBXNativeTarget "KALA kwk 2022" */ = {
			isa = XCConfigurationList;
			buildConfigurations = (
				BDD19A8A286B90F000E6E6C1 /* Debug */,
				BDD19A8B286B90F000E6E6C1 /* Release */,
			);
			defaultConfigurationIsVisible = 0;
			defaultConfigurationName = Release;
		};
/* End XCConfigurationList section */

/* Begin XCVersionGroup section */
		BDD19A7E286B90EF00E6E6C1 /* KALA_kwk_2022.xcdatamodeld */ = {
			isa = XCVersionGroup;
			children = (
				BDD19A7F286B90EF00E6E6C1 /* KALA_kwk_2022.xcdatamodel */,
			);
			currentVersion = BDD19A7F286B90EF00E6E6C1 /* KALA_kwk_2022.xcdatamodel */;
			path = KALA_kwk_2022.xcdatamodeld;
			sourceTree = "<group>";
			versionGroupType = wrapper.xcdatamodel;
		};
/* End XCVersionGroup section */
	};
	rootObject = BDD19A6A286B90EF00E6E6C1 /* Project object */;
}
